
Microsoft Visual Studio Solution File, Format Version 12.00
# Visual Studio Version 17
VisualStudioVersion = 17.14.36518.9 d17.14
MinimumVisualStudioVersion = 10.0.40219.1
Project("{FAE04EC0-301F-11D3-BF4B-00C04F79EFBC}") = "MasterFloor", "MasterFloor\MasterFloor.csproj", "{BDB441D8-7E8E-4C46-8783-A57E9BCD45F5}"
EndProject
Global
	GlobalSection(SolutionConfigurationPlatforms) = preSolution
		Debug|Any CPU = Debug|Any CPU
		Release|Any CPU = Release|Any CPU
	EndGlobalSection
	GlobalSection(ProjectConfigurationPlatforms) = postSolution
		{BDB441D8-7E8E-4C46-8783-A57E9BCD45F5}.Debug|Any CPU.ActiveCfg = Debug|Any CPU
		{BDB441D8-7E8E-4C46-8783-A57E9BCD45F5}.Debug|Any CPU.Build.0 = Debug|Any CPU
		{BDB441D8-7E8E-4C46-8783-A57E9BCD45F5}.Release|Any CPU.ActiveCfg = Release|Any CPU
		{BDB441D8-7E8E-4C46-8783-A57E9BCD45F5}.Release|Any CPU.Build.0 = Release|Any CPU
	EndGlobalSection
	GlobalSection(SolutionProperties) = preSolution
		HideSolutionNode = FALSE
	EndGlobalSection
	GlobalSection(ExtensibilityGlobals) = postSolution
		SolutionGuid = {38C237D9-B9F8-44F3-9BF8-6C12E1B0B3FD}
	EndGlobalSection
EndGlobal
